// !$*UTF8*$!
{
	archiveVersion = 1;
	classes = {
	};
	objectVersion = 56;
	objects = {

/* Begin PBXBuildFile section */
		08335A822A4345A700769A20 /* AppDelegate.swift in Sources */ = {isa = PBXBuildFile; fileRef = 08335A812A4345A700769A20 /* AppDelegate.swift */; };
		08335A842A4345A700769A20 /* SceneDelegate.swift in Sources */ = {isa = PBXBuildFile; fileRef = 08335A832A4345A700769A20 /* SceneDelegate.swift */; };
		08335A862A4345A700769A20 /* ViewController.swift in Sources */ = {isa = PBXBuildFile; fileRef = 08335A852A4345A700769A20 /* ViewController.swift */; };
		08335A892A4345A700769A20 /* Main.storyboard in Resources */ = {isa = PBXBuildFile; fileRef = 08335A872A4345A700769A20 /* Main.storyboard */; };
		08335A8B2A4345A900769A20 /* Assets.xcassets in Resources */ = {isa = PBXBuildFile; fileRef = 08335A8A2A4345A900769A20 /* Assets.xcassets */; };
		08335A8E2A4345A900769A20 /* LaunchScreen.storyboard in Resources */ = {isa = PBXBuildFile; fileRef = 08335A8C2A4345A900769A20 /* LaunchScreen.storyboard */; };
		08335A992A4345A900769A20 /* TodoListTests.swift in Sources */ = {isa = PBXBuildFile; fileRef = 08335A982A4345A900769A20 /* TodoListTests.swift */; };
		08335AA32A4345A900769A20 /* TodoListUITests.swift in Sources */ = {isa = PBXBuildFile; fileRef = 08335AA22A4345A900769A20 /* TodoListUITests.swift */; };
		08335AA52A4345A900769A20 /* TodoListUITestsLaunchTests.swift in Sources */ = {isa = PBXBuildFile; fileRef = 08335AA42A4345A900769A20 /* TodoListUITestsLaunchTests.swift */; };
		08335AB32A4345BC00769A20 /* FileCache.swift in Sources */ = {isa = PBXBuildFile; fileRef = 08335AB22A4345BC00769A20 /* FileCache.swift */; };
		08335AB52A4345C600769A20 /* TodoItem.swift in Sources */ = {isa = PBXBuildFile; fileRef = 08335AB42A4345C600769A20 /* TodoItem.swift */; };
		08335AB92A469C5700769A20 /* SecondViewController.swift in Sources */ = {isa = PBXBuildFile; fileRef = 08335AB82A469C5700769A20 /* SecondViewController.swift */; };
		08335ABC2A4FDBD600769A20 /* CocoaLumberjack in Frameworks */ = {isa = PBXBuildFile; productRef = 08335ABB2A4FDBD600769A20 /* CocoaLumberjack */; };
		08335ABE2A4FDBD600769A20 /* CocoaLumberjackSwift in Frameworks */ = {isa = PBXBuildFile; productRef = 08335ABD2A4FDBD600769A20 /* CocoaLumberjackSwift */; };
		08335AC02A4FDBD600769A20 /* CocoaLumberjackSwiftLogBackend in Frameworks */ = {isa = PBXBuildFile; productRef = 08335ABF2A4FDBD600769A20 /* CocoaLumberjackSwiftLogBackend */; };
		08335AC32A4FE64700769A20 /* .swiftlint.yml in Resources */ = {isa = PBXBuildFile; fileRef = 08335AC22A4FE64700769A20 /* .swiftlint.yml */; };
		08ECA4C22A557C610072E774 /* URLExtension.swift in Sources */ = {isa = PBXBuildFile; fileRef = 08ECA4C12A557C610072E774 /* URLExtension.swift */; };
		08ECA4C42A56CF470072E774 /* NetworkingService.swift in Sources */ = {isa = PBXBuildFile; fileRef = 08ECA4C32A56CF470072E774 /* NetworkingService.swift */; };
		08ECA4C72A56CF940072E774 /* DefaultNetworkingService.swift in Sources */ = {isa = PBXBuildFile; fileRef = 08ECA4C62A56CF940072E774 /* DefaultNetworkingService.swift */; };
		08ECA4C92A5898C90072E774 /* NetworkTodoList.swift in Sources */ = {isa = PBXBuildFile; fileRef = 08ECA4C82A5898C90072E774 /* NetworkTodoList.swift */; };
		08ECA4CC2A5E05750072E774 /* SQLite in Frameworks */ = {isa = PBXBuildFile; productRef = 08ECA4CB2A5E05750072E774 /* SQLite */; };
		08ECA4D02A6024860072E774 /* database.db in Resources */ = {isa = PBXBuildFile; fileRef = 08ECA4CF2A6024860072E774 /* database.db */; };
		484341084474C8E7508D6C96 /* Pods_TodoList_TodoListUITests.framework in Frameworks */ = {isa = PBXBuildFile; fileRef = DBDAAEBDA19C34095CE13BE7 /* Pods_TodoList_TodoListUITests.framework */; };
		699F1D7D55CFEF9A409CDDA0 /* Pods_TodoList.framework in Frameworks */ = {isa = PBXBuildFile; fileRef = E566DBC9B6B47BDC22197706 /* Pods_TodoList.framework */; };
		C46D16B1FC113456F0B2E245 /* Pods_TodoListTests.framework in Frameworks */ = {isa = PBXBuildFile; fileRef = A5618FF147596E375C85DB79 /* Pods_TodoListTests.framework */; };
/* End PBXBuildFile section */

/* Begin PBXContainerItemProxy section */
		08335A952A4345A900769A20 /* PBXContainerItemProxy */ = {
			isa = PBXContainerItemProxy;
			containerPortal = 08335A762A4345A700769A20 /* Project object */;
			proxyType = 1;
			remoteGlobalIDString = 08335A7D2A4345A700769A20;
			remoteInfo = TodoList;
		};
		08335A9F2A4345A900769A20 /* PBXContainerItemProxy */ = {
			isa = PBXContainerItemProxy;
			containerPortal = 08335A762A4345A700769A20 /* Project object */;
			proxyType = 1;
			remoteGlobalIDString = 08335A7D2A4345A700769A20;
			remoteInfo = TodoList;
		};
/* End PBXContainerItemProxy section */

/* Begin PBXFileReference section */
		08335A7E2A4345A700769A20 /* TodoList.app */ = {isa = PBXFileReference; explicitFileType = wrapper.application; includeInIndex = 0; path = TodoList.app; sourceTree = BUILT_PRODUCTS_DIR; };
		08335A812A4345A700769A20 /* AppDelegate.swift */ = {isa = PBXFileReference; lastKnownFileType = sourcecode.swift; path = AppDelegate.swift; sourceTree = "<group>"; };
		08335A832A4345A700769A20 /* SceneDelegate.swift */ = {isa = PBXFileReference; lastKnownFileType = sourcecode.swift; path = SceneDelegate.swift; sourceTree = "<group>"; };
		08335A852A4345A700769A20 /* ViewController.swift */ = {isa = PBXFileReference; lastKnownFileType = sourcecode.swift; path = ViewController.swift; sourceTree = "<group>"; };
		08335A882A4345A700769A20 /* Base */ = {isa = PBXFileReference; lastKnownFileType = file.storyboard; name = Base; path = Base.lproj/Main.storyboard; sourceTree = "<group>"; };
		08335A8A2A4345A900769A20 /* Assets.xcassets */ = {isa = PBXFileReference; lastKnownFileType = folder.assetcatalog; path = Assets.xcassets; sourceTree = "<group>"; };
		08335A8D2A4345A900769A20 /* Base */ = {isa = PBXFileReference; lastKnownFileType = file.storyboard; name = Base; path = Base.lproj/LaunchScreen.storyboard; sourceTree = "<group>"; };
		08335A8F2A4345A900769A20 /* Info.plist */ = {isa = PBXFileReference; lastKnownFileType = text.plist.xml; path = Info.plist; sourceTree = "<group>"; };
		08335A942A4345A900769A20 /* TodoListTests.xctest */ = {isa = PBXFileReference; explicitFileType = wrapper.cfbundle; includeInIndex = 0; path = TodoListTests.xctest; sourceTree = BUILT_PRODUCTS_DIR; };
		08335A982A4345A900769A20 /* TodoListTests.swift */ = {isa = PBXFileReference; lastKnownFileType = sourcecode.swift; path = TodoListTests.swift; sourceTree = "<group>"; };
		08335A9E2A4345A900769A20 /* TodoListUITests.xctest */ = {isa = PBXFileReference; explicitFileType = wrapper.cfbundle; includeInIndex = 0; path = TodoListUITests.xctest; sourceTree = BUILT_PRODUCTS_DIR; };
		08335AA22A4345A900769A20 /* TodoListUITests.swift */ = {isa = PBXFileReference; lastKnownFileType = sourcecode.swift; path = TodoListUITests.swift; sourceTree = "<group>"; };
		08335AA42A4345A900769A20 /* TodoListUITestsLaunchTests.swift */ = {isa = PBXFileReference; lastKnownFileType = sourcecode.swift; path = TodoListUITestsLaunchTests.swift; sourceTree = "<group>"; };
		08335AB22A4345BC00769A20 /* FileCache.swift */ = {isa = PBXFileReference; lastKnownFileType = sourcecode.swift; path = FileCache.swift; sourceTree = "<group>"; };
		08335AB42A4345C600769A20 /* TodoItem.swift */ = {isa = PBXFileReference; lastKnownFileType = sourcecode.swift; path = TodoItem.swift; sourceTree = "<group>"; };
		08335AB82A469C5700769A20 /* SecondViewController.swift */ = {isa = PBXFileReference; lastKnownFileType = sourcecode.swift; name = SecondViewController.swift; path = ToDoLIst/SecondViewController.swift; sourceTree = SOURCE_ROOT; };
		08335AC22A4FE64700769A20 /* .swiftlint.yml */ = {isa = PBXFileReference; lastKnownFileType = text.yaml; name = .swiftlint.yml; path = ToDoLIst/.swiftlint.yml; sourceTree = SOURCE_ROOT; };
		08ECA4C12A557C610072E774 /* URLExtension.swift */ = {isa = PBXFileReference; lastKnownFileType = sourcecode.swift; name = URLExtension.swift; path = ToDoLIst/Network/URLExtension.swift; sourceTree = SOURCE_ROOT; };
		08ECA4C32A56CF470072E774 /* NetworkingService.swift */ = {isa = PBXFileReference; lastKnownFileType = sourcecode.swift; name = NetworkingService.swift; path = ToDoLIst/Network/NetworkingService.swift; sourceTree = SOURCE_ROOT; };
		08ECA4C62A56CF940072E774 /* DefaultNetworkingService.swift */ = {isa = PBXFileReference; lastKnownFileType = sourcecode.swift; name = DefaultNetworkingService.swift; path = ToDoLIst/Network/DefaultNetworkingService.swift; sourceTree = SOURCE_ROOT; };
		08ECA4C82A5898C90072E774 /* NetworkTodoList.swift */ = {isa = PBXFileReference; lastKnownFileType = sourcecode.swift; name = NetworkTodoList.swift; path = ToDoLIst/Network/NetworkTodoList.swift; sourceTree = SOURCE_ROOT; };
		08ECA4CF2A6024860072E774 /* database.db */ = {isa = PBXFileReference; lastKnownFileType = file; path = database.db; sourceTree = "<group>"; };
		0E13971459EECD1CB1F7F81F /* Pods-TodoList.debug.xcconfig */ = {isa = PBXFileReference; includeInIndex = 1; lastKnownFileType = text.xcconfig; name = "Pods-TodoList.debug.xcconfig"; path = "Target Support Files/Pods-TodoList/Pods-TodoList.debug.xcconfig"; sourceTree = "<group>"; };
		3C9D4EB86967C346A50763C2 /* Pods-TodoList.release.xcconfig */ = {isa = PBXFileReference; includeInIndex = 1; lastKnownFileType = text.xcconfig; name = "Pods-TodoList.release.xcconfig"; path = "Target Support Files/Pods-TodoList/Pods-TodoList.release.xcconfig"; sourceTree = "<group>"; };
		6CCB154D51D04A3F38F8613E /* Pods-TodoList-TodoListUITests.release.xcconfig */ = {isa = PBXFileReference; includeInIndex = 1; lastKnownFileType = text.xcconfig; name = "Pods-TodoList-TodoListUITests.release.xcconfig"; path = "Target Support Files/Pods-TodoList-TodoListUITests/Pods-TodoList-TodoListUITests.release.xcconfig"; sourceTree = "<group>"; };
		A5618FF147596E375C85DB79 /* Pods_TodoListTests.framework */ = {isa = PBXFileReference; explicitFileType = wrapper.framework; includeInIndex = 0; path = Pods_TodoListTests.framework; sourceTree = BUILT_PRODUCTS_DIR; };
		AD412CE6BB2CD97F06E66B18 /* Pods-TodoList-TodoListUITests.debug.xcconfig */ = {isa = PBXFileReference; includeInIndex = 1; lastKnownFileType = text.xcconfig; name = "Pods-TodoList-TodoListUITests.debug.xcconfig"; path = "Target Support Files/Pods-TodoList-TodoListUITests/Pods-TodoList-TodoListUITests.debug.xcconfig"; sourceTree = "<group>"; };
		CB0312E923BB991BB4DE30D3 /* Pods-TodoListTests.release.xcconfig */ = {isa = PBXFileReference; includeInIndex = 1; lastKnownFileType = text.xcconfig; name = "Pods-TodoListTests.release.xcconfig"; path = "Target Support Files/Pods-TodoListTests/Pods-TodoListTests.release.xcconfig"; sourceTree = "<group>"; };
		CF4FDD5771773E4E188CCFF5 /* Pods-TodoListTests.debug.xcconfig */ = {isa = PBXFileReference; includeInIndex = 1; lastKnownFileType = text.xcconfig; name = "Pods-TodoListTests.debug.xcconfig"; path = "Target Support Files/Pods-TodoListTests/Pods-TodoListTests.debug.xcconfig"; sourceTree = "<group>"; };
		DBDAAEBDA19C34095CE13BE7 /* Pods_TodoList_TodoListUITests.framework */ = {isa = PBXFileReference; explicitFileType = wrapper.framework; includeInIndex = 0; path = Pods_TodoList_TodoListUITests.framework; sourceTree = BUILT_PRODUCTS_DIR; };
		E566DBC9B6B47BDC22197706 /* Pods_TodoList.framework */ = {isa = PBXFileReference; explicitFileType = wrapper.framework; includeInIndex = 0; path = Pods_TodoList.framework; sourceTree = BUILT_PRODUCTS_DIR; };
/* End PBXFileReference section */

/* Begin PBXFrameworksBuildPhase section */
		08335A7B2A4345A700769A20 /* Frameworks */ = {
			isa = PBXFrameworksBuildPhase;
			buildActionMask = 2147483647;
			files = (
				08ECA4CC2A5E05750072E774 /* SQLite in Frameworks */,
				08335ABE2A4FDBD600769A20 /* CocoaLumberjackSwift in Frameworks */,
				08335AC02A4FDBD600769A20 /* CocoaLumberjackSwiftLogBackend in Frameworks */,
				08335ABC2A4FDBD600769A20 /* CocoaLumberjack in Frameworks */,
				699F1D7D55CFEF9A409CDDA0 /* Pods_TodoList.framework in Frameworks */,
			);
			runOnlyForDeploymentPostprocessing = 0;
		};
		08335A912A4345A900769A20 /* Frameworks */ = {
			isa = PBXFrameworksBuildPhase;
			buildActionMask = 2147483647;
			files = (
				C46D16B1FC113456F0B2E245 /* Pods_TodoListTests.framework in Frameworks */,
			);
			runOnlyForDeploymentPostprocessing = 0;
		};
		08335A9B2A4345A900769A20 /* Frameworks */ = {
			isa = PBXFrameworksBuildPhase;
			buildActionMask = 2147483647;
			files = (
				484341084474C8E7508D6C96 /* Pods_TodoList_TodoListUITests.framework in Frameworks */,
			);
			runOnlyForDeploymentPostprocessing = 0;
		};
/* End PBXFrameworksBuildPhase section */

/* Begin PBXGroup section */
		08335A752A4345A700769A20 = {
			isa = PBXGroup;
			children = (
				08ECA4CF2A6024860072E774 /* database.db */,
				08335A802A4345A700769A20 /* TodoList */,
				08335A972A4345A900769A20 /* TodoListTests */,
				08335AA12A4345A900769A20 /* TodoListUITests */,
				08335A7F2A4345A700769A20 /* Products */,
				333186246D5DAE3B899ED729 /* Pods */,
				E962B5A14A9598D0F34CC1B9 /* Frameworks */,
			);
			sourceTree = "<group>";
		};
		08335A7F2A4345A700769A20 /* Products */ = {
			isa = PBXGroup;
			children = (
				08335A7E2A4345A700769A20 /* TodoList.app */,
				08335A942A4345A900769A20 /* TodoListTests.xctest */,
				08335A9E2A4345A900769A20 /* TodoListUITests.xctest */,
			);
			name = Products;
			sourceTree = "<group>";
		};
		08335A802A4345A700769A20 /* TodoList */ = {
			isa = PBXGroup;
			children = (
				08ECA4C02A557C1A0072E774 /* Network */,
				08335AB12A4345AE00769A20 /* Models */,
				08335A812A4345A700769A20 /* AppDelegate.swift */,
				08335A832A4345A700769A20 /* SceneDelegate.swift */,
				08335A852A4345A700769A20 /* ViewController.swift */,
				08335AB82A469C5700769A20 /* SecondViewController.swift */,
				08335A872A4345A700769A20 /* Main.storyboard */,
				08335A8A2A4345A900769A20 /* Assets.xcassets */,
				08335A8C2A4345A900769A20 /* LaunchScreen.storyboard */,
				08335A8F2A4345A900769A20 /* Info.plist */,
				08335AC22A4FE64700769A20 /* .swiftlint.yml */,
			);
			path = TodoList;
			sourceTree = "<group>";
		};
		08335A972A4345A900769A20 /* TodoListTests */ = {
			isa = PBXGroup;
			children = (
				08335A982A4345A900769A20 /* TodoListTests.swift */,
			);
			path = TodoListTests;
			sourceTree = "<group>";
		};
		08335AA12A4345A900769A20 /* TodoListUITests */ = {
			isa = PBXGroup;
			children = (
				08335AA22A4345A900769A20 /* TodoListUITests.swift */,
				08335AA42A4345A900769A20 /* TodoListUITestsLaunchTests.swift */,
			);
			path = TodoListUITests;
			sourceTree = "<group>";
		};
		08335AB12A4345AE00769A20 /* Models */ = {
			isa = PBXGroup;
			children = (
				08335AB22A4345BC00769A20 /* FileCache.swift */,
				08335AB42A4345C600769A20 /* TodoItem.swift */,
			);
			path = Models;
			sourceTree = "<group>";
		};
		08ECA4C02A557C1A0072E774 /* Network */ = {
			isa = PBXGroup;
			children = (
				08ECA4C12A557C610072E774 /* URLExtension.swift */,
				08ECA4C32A56CF470072E774 /* NetworkingService.swift */,
				08ECA4C62A56CF940072E774 /* DefaultNetworkingService.swift */,
				08ECA4C82A5898C90072E774 /* NetworkTodoList.swift */,
			);
			path = Network;
			sourceTree = "<group>";
		};
		333186246D5DAE3B899ED729 /* Pods */ = {
			isa = PBXGroup;
			children = (
				0E13971459EECD1CB1F7F81F /* Pods-TodoList.debug.xcconfig */,
				3C9D4EB86967C346A50763C2 /* Pods-TodoList.release.xcconfig */,
				AD412CE6BB2CD97F06E66B18 /* Pods-TodoList-TodoListUITests.debug.xcconfig */,
				6CCB154D51D04A3F38F8613E /* Pods-TodoList-TodoListUITests.release.xcconfig */,
				CF4FDD5771773E4E188CCFF5 /* Pods-TodoListTests.debug.xcconfig */,
				CB0312E923BB991BB4DE30D3 /* Pods-TodoListTests.release.xcconfig */,
			);
			path = Pods;
			sourceTree = "<group>";
		};
		E962B5A14A9598D0F34CC1B9 /* Frameworks */ = {
			isa = PBXGroup;
			children = (
				E566DBC9B6B47BDC22197706 /* Pods_TodoList.framework */,
				DBDAAEBDA19C34095CE13BE7 /* Pods_TodoList_TodoListUITests.framework */,
				A5618FF147596E375C85DB79 /* Pods_TodoListTests.framework */,
			);
			name = Frameworks;
			sourceTree = "<group>";
		};
/* End PBXGroup section */

/* Begin PBXNativeTarget section */
		08335A7D2A4345A700769A20 /* TodoList */ = {
			isa = PBXNativeTarget;
			buildConfigurationList = 08335AA82A4345A900769A20 /* Build configuration list for PBXNativeTarget "TodoList" */;
			buildPhases = (
				36291001941C14F9F0871735 /* [CP] Check Pods Manifest.lock */,
				08335A7A2A4345A700769A20 /* Sources */,
				08335A7B2A4345A700769A20 /* Frameworks */,
				08335A7C2A4345A700769A20 /* Resources */,
				08335AC12A4FE5B200769A20 /* ShellScript */,
			);
			buildRules = (
			);
			dependencies = (
			);
			name = TodoList;
			packageProductDependencies = (
				08335ABB2A4FDBD600769A20 /* CocoaLumberjack */,
				08335ABD2A4FDBD600769A20 /* CocoaLumberjackSwift */,
				08335ABF2A4FDBD600769A20 /* CocoaLumberjackSwiftLogBackend */,
				08ECA4CB2A5E05750072E774 /* SQLite */,
			);
			productName = TodoList;
			productReference = 08335A7E2A4345A700769A20 /* TodoList.app */;
			productType = "com.apple.product-type.application";
		};
		08335A932A4345A900769A20 /* TodoListTests */ = {
			isa = PBXNativeTarget;
			buildConfigurationList = 08335AAB2A4345A900769A20 /* Build configuration list for PBXNativeTarget "TodoListTests" */;
			buildPhases = (
				E8FB13D1AEFF208DDF9E76D6 /* [CP] Check Pods Manifest.lock */,
				08335A902A4345A900769A20 /* Sources */,
				08335A912A4345A900769A20 /* Frameworks */,
				08335A922A4345A900769A20 /* Resources */,
			);
			buildRules = (
			);
			dependencies = (
				08335A962A4345A900769A20 /* PBXTargetDependency */,
			);
			name = TodoListTests;
			productName = TodoListTests;
			productReference = 08335A942A4345A900769A20 /* TodoListTests.xctest */;
			productType = "com.apple.product-type.bundle.unit-test";
		};
		08335A9D2A4345A900769A20 /* TodoListUITests */ = {
			isa = PBXNativeTarget;
			buildConfigurationList = 08335AAE2A4345A900769A20 /* Build configuration list for PBXNativeTarget "TodoListUITests" */;
			buildPhases = (
				03A37A1CA035A7B5CF948DBD /* [CP] Check Pods Manifest.lock */,
				08335A9A2A4345A900769A20 /* Sources */,
				08335A9B2A4345A900769A20 /* Frameworks */,
				08335A9C2A4345A900769A20 /* Resources */,
			);
			buildRules = (
			);
			dependencies = (
				08335AA02A4345A900769A20 /* PBXTargetDependency */,
			);
			name = TodoListUITests;
			productName = TodoListUITests;
			productReference = 08335A9E2A4345A900769A20 /* TodoListUITests.xctest */;
			productType = "com.apple.product-type.bundle.ui-testing";
		};
/* End PBXNativeTarget section */

/* Begin PBXProject section */
		08335A762A4345A700769A20 /* Project object */ = {
			isa = PBXProject;
			attributes = {
				BuildIndependentTargetsInParallel = 1;
				LastSwiftUpdateCheck = 1430;
				LastUpgradeCheck = 1430;
				TargetAttributes = {
					08335A7D2A4345A700769A20 = {
						CreatedOnToolsVersion = 14.3;
					};
					08335A932A4345A900769A20 = {
						CreatedOnToolsVersion = 14.3;
						TestTargetID = 08335A7D2A4345A700769A20;
					};
					08335A9D2A4345A900769A20 = {
						CreatedOnToolsVersion = 14.3;
						TestTargetID = 08335A7D2A4345A700769A20;
					};
				};
			};
			buildConfigurationList = 08335A792A4345A700769A20 /* Build configuration list for PBXProject "TodoList" */;
			compatibilityVersion = "Xcode 14.0";
			developmentRegion = en;
			hasScannedForEncodings = 0;
			knownRegions = (
				en,
				Base,
			);
			mainGroup = 08335A752A4345A700769A20;
			packageReferences = (
				08335ABA2A4FDBD600769A20 /* XCRemoteSwiftPackageReference "CocoaLumberjack" */,
				08ECA4CA2A5E05750072E774 /* XCRemoteSwiftPackageReference "SQLite.swift" */,
			);
			productRefGroup = 08335A7F2A4345A700769A20 /* Products */;
			projectDirPath = "";
			projectRoot = "";
			targets = (
				08335A7D2A4345A700769A20 /* TodoList */,
				08335A932A4345A900769A20 /* TodoListTests */,
				08335A9D2A4345A900769A20 /* TodoListUITests */,
			);
		};
/* End PBXProject section */

/* Begin PBXResourcesBuildPhase section */
		08335A7C2A4345A700769A20 /* Resources */ = {
			isa = PBXResourcesBuildPhase;
			buildActionMask = 2147483647;
			files = (
				08ECA4D02A6024860072E774 /* database.db in Resources */,
				08335AC32A4FE64700769A20 /* .swiftlint.yml in Resources */,
				08335A8E2A4345A900769A20 /* LaunchScreen.storyboard in Resources */,
				08335A8B2A4345A900769A20 /* Assets.xcassets in Resources */,
				08335A892A4345A700769A20 /* Main.storyboard in Resources */,
			);
			runOnlyForDeploymentPostprocessing = 0;
		};
		08335A922A4345A900769A20 /* Resources */ = {
			isa = PBXResourcesBuildPhase;
			buildActionMask = 2147483647;
			files = (
			);
			runOnlyForDeploymentPostprocessing = 0;
		};
		08335A9C2A4345A900769A20 /* Resources */ = {
			isa = PBXResourcesBuildPhase;
			buildActionMask = 2147483647;
			files = (
			);
			runOnlyForDeploymentPostprocessing = 0;
		};
/* End PBXResourcesBuildPhase section */

/* Begin PBXShellScriptBuildPhase section */
		03A37A1CA035A7B5CF948DBD /* [CP] Check Pods Manifest.lock */ = {
			isa = PBXShellScriptBuildPhase;
			buildActionMask = 2147483647;
			files = (
			);
			inputFileListPaths = (
			);
			inputPaths = (
				"${PODS_PODFILE_DIR_PATH}/Podfile.lock",
				"${PODS_ROOT}/Manifest.lock",
			);
			name = "[CP] Check Pods Manifest.lock";
			outputFileListPaths = (
			);
			outputPaths = (
				"$(DERIVED_FILE_DIR)/Pods-TodoList-TodoListUITests-checkManifestLockResult.txt",
			);
			runOnlyForDeploymentPostprocessing = 0;
			shellPath = /bin/sh;
			shellScript = "diff \"${PODS_PODFILE_DIR_PATH}/Podfile.lock\" \"${PODS_ROOT}/Manifest.lock\" > /dev/null\nif [ $? != 0 ] ; then\n    # print error to STDERR\n    echo \"error: The sandbox is not in sync with the Podfile.lock. Run 'pod install' or update your CocoaPods installation.\" >&2\n    exit 1\nfi\n# This output is used by Xcode 'outputs' to avoid re-running this script phase.\necho \"SUCCESS\" > \"${SCRIPT_OUTPUT_FILE_0}\"\n";
			showEnvVarsInLog = 0;
		};
		08335AC12A4FE5B200769A20 /* ShellScript */ = {
			isa = PBXShellScriptBuildPhase;
			buildActionMask = 2147483647;
			files = (
			);
			inputFileListPaths = (
			);
			inputPaths = (
			);
			outputFileListPaths = (
			);
			outputPaths = (
			);
			runOnlyForDeploymentPostprocessing = 0;
			shellPath = /bin/sh;
			shellScript = "if [[ \"$(uname -m)\" == arm64 ]]; then\nexport PATH=\"/opt/homebrew/bin:$PATH\"\nfi\n\nif which swiftlint > /dev/null; then\nswiftlint\nelse\necho \"warning: SwiftLint not installed, download from https://github.com/realm/SwiftLint\"\nfi\n";
		};
		36291001941C14F9F0871735 /* [CP] Check Pods Manifest.lock */ = {
			isa = PBXShellScriptBuildPhase;
			buildActionMask = 2147483647;
			files = (
			);
			inputFileListPaths = (
			);
			inputPaths = (
				"${PODS_PODFILE_DIR_PATH}/Podfile.lock",
				"${PODS_ROOT}/Manifest.lock",
			);
			name = "[CP] Check Pods Manifest.lock";
			outputFileListPaths = (
			);
			outputPaths = (
				"$(DERIVED_FILE_DIR)/Pods-TodoList-checkManifestLockResult.txt",
			);
			runOnlyForDeploymentPostprocessing = 0;
			shellPath = /bin/sh;
			shellScript = "diff \"${PODS_PODFILE_DIR_PATH}/Podfile.lock\" \"${PODS_ROOT}/Manifest.lock\" > /dev/null\nif [ $? != 0 ] ; then\n    # print error to STDERR\n    echo \"error: The sandbox is not in sync with the Podfile.lock. Run 'pod install' or update your CocoaPods installation.\" >&2\n    exit 1\nfi\n# This output is used by Xcode 'outputs' to avoid re-running this script phase.\necho \"SUCCESS\" > \"${SCRIPT_OUTPUT_FILE_0}\"\n";
			showEnvVarsInLog = 0;
		};
		E8FB13D1AEFF208DDF9E76D6 /* [CP] Check Pods Manifest.lock */ = {
			isa = PBXShellScriptBuildPhase;
			buildActionMask = 2147483647;
			files = (
			);
			inputFileListPaths = (
			);
			inputPaths = (
				"${PODS_PODFILE_DIR_PATH}/Podfile.lock",
				"${PODS_ROOT}/Manifest.lock",
			);
			name = "[CP] Check Pods Manifest.lock";
			outputFileListPaths = (
			);
			outputPaths = (
				"$(DERIVED_FILE_DIR)/Pods-TodoListTests-checkManifestLockResult.txt",
			);
			runOnlyForDeploymentPostprocessing = 0;
			shellPath = /bin/sh;
			shellScript = "diff \"${PODS_PODFILE_DIR_PATH}/Podfile.lock\" \"${PODS_ROOT}/Manifest.lock\" > /dev/null\nif [ $? != 0 ] ; then\n    # print error to STDERR\n    echo \"error: The sandbox is not in sync with the Podfile.lock. Run 'pod install' or update your CocoaPods installation.\" >&2\n    exit 1\nfi\n# This output is used by Xcode 'outputs' to avoid re-running this script phase.\necho \"SUCCESS\" > \"${SCRIPT_OUTPUT_FILE_0}\"\n";
			showEnvVarsInLog = 0;
		};
/* End PBXShellScriptBuildPhase section */

/* Begin PBXSourcesBuildPhase section */
		08335A7A2A4345A700769A20 /* Sources */ = {
			isa = PBXSourcesBuildPhase;
			buildActionMask = 2147483647;
			files = (
				08335AB92A469C5700769A20 /* SecondViewController.swift in Sources */,
				08ECA4C92A5898C90072E774 /* NetworkTodoList.swift in Sources */,
				08335AB52A4345C600769A20 /* TodoItem.swift in Sources */,
				08ECA4C42A56CF470072E774 /* NetworkingService.swift in Sources */,
				08ECA4C22A557C610072E774 /* URLExtension.swift in Sources */,
				08335A862A4345A700769A20 /* ViewController.swift in Sources */,
				08ECA4C72A56CF940072E774 /* DefaultNetworkingService.swift in Sources */,
				08335A822A4345A700769A20 /* AppDelegate.swift in Sources */,
				08335AB32A4345BC00769A20 /* FileCache.swift in Sources */,
				08335A842A4345A700769A20 /* SceneDelegate.swift in Sources */,
			);
			runOnlyForDeploymentPostprocessing = 0;
		};
		08335A902A4345A900769A20 /* Sources */ = {
			isa = PBXSourcesBuildPhase;
			buildActionMask = 2147483647;
			files = (
				08335A992A4345A900769A20 /* TodoListTests.swift in Sources */,
			);
			runOnlyForDeploymentPostprocessing = 0;
		};
		08335A9A2A4345A900769A20 /* Sources */ = {
			isa = PBXSourcesBuildPhase;
			buildActionMask = 2147483647;
			files = (
				08335AA52A4345A900769A20 /* TodoListUITestsLaunchTests.swift in Sources */,
				08335AA32A4345A900769A20 /* TodoListUITests.swift in Sources */,
			);
			runOnlyForDeploymentPostprocessing = 0;
		};
/* End PBXSourcesBuildPhase section */

/* Begin PBXTargetDependency section */
		08335A962A4345A900769A20 /* PBXTargetDependency */ = {
			isa = PBXTargetDependency;
			target = 08335A7D2A4345A700769A20 /* TodoList */;
			targetProxy = 08335A952A4345A900769A20 /* PBXContainerItemProxy */;
		};
		08335AA02A4345A900769A20 /* PBXTargetDependency */ = {
			isa = PBXTargetDependency;
			target = 08335A7D2A4345A700769A20 /* TodoList */;
			targetProxy = 08335A9F2A4345A900769A20 /* PBXContainerItemProxy */;
		};
/* End PBXTargetDependency section */

/* Begin PBXVariantGroup section */
		08335A872A4345A700769A20 /* Main.storyboard */ = {
			isa = PBXVariantGroup;
			children = (
				08335A882A4345A700769A20 /* Base */,
			);
			name = Main.storyboard;
			sourceTree = "<group>";
		};
		08335A8C2A4345A900769A20 /* LaunchScreen.storyboard */ = {
			isa = PBXVariantGroup;
			children = (
				08335A8D2A4345A900769A20 /* Base */,
			);
			name = LaunchScreen.storyboard;
			sourceTree = "<group>";
		};
/* End PBXVariantGroup section */

/* Begin XCBuildConfiguration section */
		08335AA62A4345A900769A20 /* Debug */ = {
			isa = XCBuildConfiguration;
			buildSettings = {
				ALWAYS_SEARCH_USER_PATHS = NO;
				CLANG_ANALYZER_NONNULL = YES;
				CLANG_ANALYZER_NUMBER_OBJECT_CONVERSION = YES_AGGRESSIVE;
				CLANG_CXX_LANGUAGE_STANDARD = "gnu++20";
				CLANG_ENABLE_MODULES = YES;
				CLANG_ENABLE_OBJC_ARC = YES;
				CLANG_ENABLE_OBJC_WEAK = YES;
				CLANG_WARN_BLOCK_CAPTURE_AUTORELEASING = YES;
				CLANG_WARN_BOOL_CONVERSION = YES;
				CLANG_WARN_COMMA = YES;
				CLANG_WARN_CONSTANT_CONVERSION = YES;
				CLANG_WARN_DEPRECATED_OBJC_IMPLEMENTATIONS = YES;
				CLANG_WARN_DIRECT_OBJC_ISA_USAGE = YES_ERROR;
				CLANG_WARN_DOCUMENTATION_COMMENTS = YES;
				CLANG_WARN_EMPTY_BODY = YES;
				CLANG_WARN_ENUM_CONVERSION = YES;
				CLANG_WARN_INFINITE_RECURSION = YES;
				CLANG_WARN_INT_CONVERSION = YES;
				CLANG_WARN_NON_LITERAL_NULL_CONVERSION = YES;
				CLANG_WARN_OBJC_IMPLICIT_RETAIN_SELF = YES;
				CLANG_WARN_OBJC_LITERAL_CONVERSION = YES;
				CLANG_WARN_OBJC_ROOT_CLASS = YES_ERROR;
				CLANG_WARN_QUOTED_INCLUDE_IN_FRAMEWORK_HEADER = YES;
				CLANG_WARN_RANGE_LOOP_ANALYSIS = YES;
				CLANG_WARN_STRICT_PROTOTYPES = YES;
				CLANG_WARN_SUSPICIOUS_MOVE = YES;
				CLANG_WARN_UNGUARDED_AVAILABILITY = YES_AGGRESSIVE;
				CLANG_WARN_UNREACHABLE_CODE = YES;
				CLANG_WARN__DUPLICATE_METHOD_MATCH = YES;
				COPY_PHASE_STRIP = NO;
				DEBUG_INFORMATION_FORMAT = dwarf;
				ENABLE_STRICT_OBJC_MSGSEND = YES;
				ENABLE_TESTABILITY = YES;
				GCC_C_LANGUAGE_STANDARD = gnu11;
				GCC_DYNAMIC_NO_PIC = NO;
				GCC_NO_COMMON_BLOCKS = YES;
				GCC_OPTIMIZATION_LEVEL = 0;
				GCC_PREPROCESSOR_DEFINITIONS = (
					"DEBUG=1",
					"$(inherited)",
				);
				GCC_WARN_64_TO_32_BIT_CONVERSION = YES;
				GCC_WARN_ABOUT_RETURN_TYPE = YES_ERROR;
				GCC_WARN_UNDECLARED_SELECTOR = YES;
				GCC_WARN_UNINITIALIZED_AUTOS = YES_AGGRESSIVE;
				GCC_WARN_UNUSED_FUNCTION = YES;
				GCC_WARN_UNUSED_VARIABLE = YES;
				IPHONEOS_DEPLOYMENT_TARGET = 16.4;
				MTL_ENABLE_DEBUG_INFO = INCLUDE_SOURCE;
				MTL_FAST_MATH = YES;
				ONLY_ACTIVE_ARCH = YES;
				SDKROOT = iphoneos;
				SWIFT_ACTIVE_COMPILATION_CONDITIONS = DEBUG;
				SWIFT_OPTIMIZATION_LEVEL = "-Onone";
			};
			name = Debug;
		};
		08335AA72A4345A900769A20 /* Release */ = {
			isa = XCBuildConfiguration;
			buildSettings = {
				ALWAYS_SEARCH_USER_PATHS = NO;
				CLANG_ANALYZER_NONNULL = YES;
				CLANG_ANALYZER_NUMBER_OBJECT_CONVERSION = YES_AGGRESSIVE;
				CLANG_CXX_LANGUAGE_STANDARD = "gnu++20";
				CLANG_ENABLE_MODULES = YES;
				CLANG_ENABLE_OBJC_ARC = YES;
				CLANG_ENABLE_OBJC_WEAK = YES;
				CLANG_WARN_BLOCK_CAPTURE_AUTORELEASING = YES;
				CLANG_WARN_BOOL_CONVERSION = YES;
				CLANG_WARN_COMMA = YES;
				CLANG_WARN_CONSTANT_CONVERSION = YES;
				CLANG_WARN_DEPRECATED_OBJC_IMPLEMENTATIONS = YES;
				CLANG_WARN_DIRECT_OBJC_ISA_USAGE = YES_ERROR;
				CLANG_WARN_DOCUMENTATION_COMMENTS = YES;
				CLANG_WARN_EMPTY_BODY = YES;
				CLANG_WARN_ENUM_CONVERSION = YES;
				CLANG_WARN_INFINITE_RECURSION = YES;
				CLANG_WARN_INT_CONVERSION = YES;
				CLANG_WARN_NON_LITERAL_NULL_CONVERSION = YES;
				CLANG_WARN_OBJC_IMPLICIT_RETAIN_SELF = YES;
				CLANG_WARN_OBJC_LITERAL_CONVERSION = YES;
				CLANG_WARN_OBJC_ROOT_CLASS = YES_ERROR;
				CLANG_WARN_QUOTED_INCLUDE_IN_FRAMEWORK_HEADER = YES;
				CLANG_WARN_RANGE_LOOP_ANALYSIS = YES;
				CLANG_WARN_STRICT_PROTOTYPES = YES;
				CLANG_WARN_SUSPICIOUS_MOVE = YES;
				CLANG_WARN_UNGUARDED_AVAILABILITY = YES_AGGRESSIVE;
				CLANG_WARN_UNREACHABLE_CODE = YES;
				CLANG_WARN__DUPLICATE_METHOD_MATCH = YES;
				COPY_PHASE_STRIP = NO;
				DEBUG_INFORMATION_FORMAT = "dwarf-with-dsym";
				ENABLE_NS_ASSERTIONS = NO;
				ENABLE_STRICT_OBJC_MSGSEND = YES;
				GCC_C_LANGUAGE_STANDARD = gnu11;
				GCC_NO_COMMON_BLOCKS = YES;
				GCC_WARN_64_TO_32_BIT_CONVERSION = YES;
				GCC_WARN_ABOUT_RETURN_TYPE = YES_ERROR;
				GCC_WARN_UNDECLARED_SELECTOR = YES;
				GCC_WARN_UNINITIALIZED_AUTOS = YES_AGGRESSIVE;
				GCC_WARN_UNUSED_FUNCTION = YES;
				GCC_WARN_UNUSED_VARIABLE = YES;
				IPHONEOS_DEPLOYMENT_TARGET = 16.4;
				MTL_ENABLE_DEBUG_INFO = NO;
				MTL_FAST_MATH = YES;
				SDKROOT = iphoneos;
				SWIFT_COMPILATION_MODE = wholemodule;
				SWIFT_OPTIMIZATION_LEVEL = "-O";
				VALIDATE_PRODUCT = YES;
			};
			name = Release;
		};
		08335AA92A4345A900769A20 /* Debug */ = {
			isa = XCBuildConfiguration;
			baseConfigurationReference = 0E13971459EECD1CB1F7F81F /* Pods-TodoList.debug.xcconfig */;
			buildSettings = {
				ASSETCATALOG_COMPILER_APPICON_NAME = AppIcon;
				ASSETCATALOG_COMPILER_GLOBAL_ACCENT_COLOR_NAME = AccentColor;
				CODE_SIGN_STYLE = Automatic;
				CURRENT_PROJECT_VERSION = 1;
				DEVELOPMENT_TEAM = Y679FF864V;
				GENERATE_INFOPLIST_FILE = YES;
				INFOPLIST_FILE = TodoList/Info.plist;
				INFOPLIST_KEY_UIApplicationSupportsIndirectInputEvents = YES;
				INFOPLIST_KEY_UILaunchStoryboardName = LaunchScreen;
				INFOPLIST_KEY_UIMainStoryboardFile = Main;
				INFOPLIST_KEY_UISupportedInterfaceOrientations_iPad = "UIInterfaceOrientationPortrait UIInterfaceOrientationPortraitUpsideDown UIInterfaceOrientationLandscapeLeft UIInterfaceOrientationLandscapeRight";
				INFOPLIST_KEY_UISupportedInterfaceOrientations_iPhone = "UIInterfaceOrientationPortrait UIInterfaceOrientationLandscapeLeft UIInterfaceOrientationLandscapeRight";
				LD_RUNPATH_SEARCH_PATHS = (
					"$(inherited)",
					"@executable_path/Frameworks",
				);
				MARKETING_VERSION = 1.0;
				PRODUCT_BUNDLE_IDENTIFIER = Bimb.TodoList;
				PRODUCT_NAME = "$(TARGET_NAME)";
				SWIFT_EMIT_LOC_STRINGS = YES;
				SWIFT_STRICT_CONCURRENCY = complete;
				SWIFT_VERSION = 5.0;
				TARGETED_DEVICE_FAMILY = "1,2";
			};
			name = Debug;
		};
		08335AAA2A4345A900769A20 /* Release */ = {
			isa = XCBuildConfiguration;
			baseConfigurationReference = 3C9D4EB86967C346A50763C2 /* Pods-TodoList.release.xcconfig */;
			buildSettings = {
				ASSETCATALOG_COMPILER_APPICON_NAME = AppIcon;
				ASSETCATALOG_COMPILER_GLOBAL_ACCENT_COLOR_NAME = AccentColor;
				CODE_SIGN_STYLE = Automatic;
				CURRENT_PROJECT_VERSION = 1;
				DEVELOPMENT_TEAM = Y679FF864V;
				GENERATE_INFOPLIST_FILE = YES;
				INFOPLIST_FILE = TodoList/Info.plist;
				INFOPLIST_KEY_UIApplicationSupportsIndirectInputEvents = YES;
				INFOPLIST_KEY_UILaunchStoryboardName = LaunchScreen;
				INFOPLIST_KEY_UIMainStoryboardFile = Main;
				INFOPLIST_KEY_UISupportedInterfaceOrientations_iPad = "UIInterfaceOrientationPortrait UIInterfaceOrientationPortraitUpsideDown UIInterfaceOrientationLandscapeLeft UIInterfaceOrientationLandscapeRight";
				INFOPLIST_KEY_UISupportedInterfaceOrientations_iPhone = "UIInterfaceOrientationPortrait UIInterfaceOrientationLandscapeLeft UIInterfaceOrientationLandscapeRight";
				LD_RUNPATH_SEARCH_PATHS = (
					"$(inherited)",
					"@executable_path/Frameworks",
				);
				MARKETING_VERSION = 1.0;
				PRODUCT_BUNDLE_IDENTIFIER = Bimb.TodoList;
				PRODUCT_NAME = "$(TARGET_NAME)";
				SWIFT_EMIT_LOC_STRINGS = YES;
				SWIFT_STRICT_CONCURRENCY = complete;
				SWIFT_VERSION = 5.0;
				TARGETED_DEVICE_FAMILY = "1,2";
			};
			name = Release;
		};
		08335AAC2A4345A900769A20 /* Debug */ = {
			isa = XCBuildConfiguration;
			baseConfigurationReference = CF4FDD5771773E4E188CCFF5 /* Pods-TodoListTests.debug.xcconfig */;
			buildSettings = {
				ALWAYS_EMBED_SWIFT_STANDARD_LIBRARIES = YES;
				BUNDLE_LOADER = "$(TEST_HOST)";
				CODE_SIGN_STYLE = Automatic;
				CURRENT_PROJECT_VERSION = 1;
				DEVELOPMENT_TEAM = Y679FF864V;
				GENERATE_INFOPLIST_FILE = YES;
				IPHONEOS_DEPLOYMENT_TARGET = 16.4;
				MARKETING_VERSION = 1.0;
				PRODUCT_BUNDLE_IDENTIFIER = Bimb.TodoListTests;
				PRODUCT_NAME = "$(TARGET_NAME)";
				SWIFT_EMIT_LOC_STRINGS = NO;
				SWIFT_VERSION = 5.0;
				TARGETED_DEVICE_FAMILY = "1,2";
				TEST_HOST = "$(BUILT_PRODUCTS_DIR)/TodoList.app/$(BUNDLE_EXECUTABLE_FOLDER_PATH)/TodoList";
			};
			name = Debug;
		};
		08335AAD2A4345A900769A20 /* Release */ = {
			isa = XCBuildConfiguration;
			baseConfigurationReference = CB0312E923BB991BB4DE30D3 /* Pods-TodoListTests.release.xcconfig */;
			buildSettings = {
				ALWAYS_EMBED_SWIFT_STANDARD_LIBRARIES = YES;
				BUNDLE_LOADER = "$(TEST_HOST)";
				CODE_SIGN_STYLE = Automatic;
				CURRENT_PROJECT_VERSION = 1;
				DEVELOPMENT_TEAM = Y679FF864V;
				GENERATE_INFOPLIST_FILE = YES;
				IPHONEOS_DEPLOYMENT_TARGET = 16.4;
				MARKETING_VERSION = 1.0;
				PRODUCT_BUNDLE_IDENTIFIER = Bimb.TodoListTests;
				PRODUCT_NAME = "$(TARGET_NAME)";
				SWIFT_EMIT_LOC_STRINGS = NO;
				SWIFT_VERSION = 5.0;
				TARGETED_DEVICE_FAMILY = "1,2";
				TEST_HOST = "$(BUILT_PRODUCTS_DIR)/TodoList.app/$(BUNDLE_EXECUTABLE_FOLDER_PATH)/TodoList";
			};
			name = Release;
		};
		08335AAF2A4345A900769A20 /* Debug */ = {
			isa = XCBuildConfiguration;
			baseConfigurationReference = AD412CE6BB2CD97F06E66B18 /* Pods-TodoList-TodoListUITests.debug.xcconfig */;
			buildSettings = {
				ALWAYS_EMBED_SWIFT_STANDARD_LIBRARIES = YES;
				CODE_SIGN_STYLE = Automatic;
				CURRENT_PROJECT_VERSION = 1;
				DEVELOPMENT_TEAM = Y679FF864V;
				GENERATE_INFOPLIST_FILE = YES;
				MARKETING_VERSION = 1.0;
				PRODUCT_BUNDLE_IDENTIFIER = Bimb.TodoListUITests;
				PRODUCT_NAME = "$(TARGET_NAME)";
				SWIFT_EMIT_LOC_STRINGS = NO;
				SWIFT_VERSION = 5.0;
				TARGETED_DEVICE_FAMILY = "1,2";
				TEST_TARGET_NAME = TodoList;
			};
			name = Debug;
		};
		08335AB02A4345A900769A20 /* Release */ = {
			isa = XCBuildConfiguration;
			baseConfigurationReference = 6CCB154D51D04A3F38F8613E /* Pods-TodoList-TodoListUITests.release.xcconfig */;
			buildSettings = {
				ALWAYS_EMBED_SWIFT_STANDARD_LIBRARIES = YES;
				CODE_SIGN_STYLE = Automatic;
				CURRENT_PROJECT_VERSION = 1;
				DEVELOPMENT_TEAM = Y679FF864V;
				GENERATE_INFOPLIST_FILE = YES;
				MARKETING_VERSION = 1.0;
				PRODUCT_BUNDLE_IDENTIFIER = Bimb.TodoListUITests;
				PRODUCT_NAME = "$(TARGET_NAME)";
				SWIFT_EMIT_LOC_STRINGS = NO;
				SWIFT_VERSION = 5.0;
				TARGETED_DEVICE_FAMILY = "1,2";
				TEST_TARGET_NAME = TodoList;
			};
			name = Release;
		};
/* End XCBuildConfiguration section */

/* Begin XCConfigurationList section */
		08335A792A4345A700769A20 /* Build configuration list for PBXProject "TodoList" */ = {
			isa = XCConfigurationList;
			buildConfigurations = (
				08335AA62A4345A900769A20 /* Debug */,
				08335AA72A4345A900769A20 /* Release */,
			);
			defaultConfigurationIsVisible = 0;
			defaultConfigurationName = Release;
		};
		08335AA82A4345A900769A20 /* Build configuration list for PBXNativeTarget "TodoList" */ = {
			isa = XCConfigurationList;
			buildConfigurations = (
				08335AA92A4345A900769A20 /* Debug */,
				08335AAA2A4345A900769A20 /* Release */,
			);
			defaultConfigurationIsVisible = 0;
			defaultConfigurationName = Release;
		};
		08335AAB2A4345A900769A20 /* Build configuration list for PBXNativeTarget "TodoListTests" */ = {
			isa = XCConfigurationList;
			buildConfigurations = (
				08335AAC2A4345A900769A20 /* Debug */,
				08335AAD2A4345A900769A20 /* Release */,
			);
			defaultConfigurationIsVisible = 0;
			defaultConfigurationName = Release;
		};
		08335AAE2A4345A900769A20 /* Build configuration list for PBXNativeTarget "TodoListUITests" */ = {
			isa = XCConfigurationList;
			buildConfigurations = (
				08335AAF2A4345A900769A20 /* Debug */,
				08335AB02A4345A900769A20 /* Release */,
			);
			defaultConfigurationIsVisible = 0;
			defaultConfigurationName = Release;
		};
/* End XCConfigurationList section */

/* Begin XCRemoteSwiftPackageReference section */
		08335ABA2A4FDBD600769A20 /* XCRemoteSwiftPackageReference "CocoaLumberjack" */ = {
			isa = XCRemoteSwiftPackageReference;
			repositoryURL = "https://github.com/CocoaLumberjack/CocoaLumberjack.git";
			requirement = {
				kind = upToNextMajorVersion;
				minimumVersion = 3.0.0;
			};
		};
		08ECA4CA2A5E05750072E774 /* XCRemoteSwiftPackageReference "SQLite.swift" */ = {
			isa = XCRemoteSwiftPackageReference;
			repositoryURL = "https://github.com/stephencelis/SQLite.swift.git";
			requirement = {
				kind = upToNextMajorVersion;
				minimumVersion = 0.14.1;
			};
		};
/* End XCRemoteSwiftPackageReference section */

/* Begin XCSwiftPackageProductDependency section */
		08335ABB2A4FDBD600769A20 /* CocoaLumberjack */ = {
			isa = XCSwiftPackageProductDependency;
			package = 08335ABA2A4FDBD600769A20 /* XCRemoteSwiftPackageReference "CocoaLumberjack" */;
			productName = CocoaLumberjack;
		};
		08335ABD2A4FDBD600769A20 /* CocoaLumberjackSwift */ = {
			isa = XCSwiftPackageProductDependency;
			package = 08335ABA2A4FDBD600769A20 /* XCRemoteSwiftPackageReference "CocoaLumberjack" */;
			productName = CocoaLumberjackSwift;
		};
		08335ABF2A4FDBD600769A20 /* CocoaLumberjackSwiftLogBackend */ = {
			isa = XCSwiftPackageProductDependency;
			package = 08335ABA2A4FDBD600769A20 /* XCRemoteSwiftPackageReference "CocoaLumberjack" */;
			productName = CocoaLumberjackSwiftLogBackend;
		};
		08ECA4CB2A5E05750072E774 /* SQLite */ = {
			isa = XCSwiftPackageProductDependency;
			package = 08ECA4CA2A5E05750072E774 /* XCRemoteSwiftPackageReference "SQLite.swift" */;
			productName = SQLite;
		};
/* End XCSwiftPackageProductDependency section */
	};
	rootObject = 08335A762A4345A700769A20 /* Project object */;
}
